{
  "pins" : [
    {
      "identity" : "alert-flow",
      "kind" : "remoteSourceControl",
      "location" : "https://gogs.miejoy.com:4443/Swift/alert-flow.git",
      "state" : {
        "branch" : "master",
        "revision" : "6059611d662ef3f26b1d0cae68ce8ffb3134a89a"
      }
    },
    {
      "identity" : "data-flow",
      "kind" : "remoteSourceControl",
      "location" : "https://github.com/miejoy/data-flow.git",
      "state" : {
        "branch" : "main",
        "revision" : "b01f7ed41a527c3751b90d48ed1d8c2ea0022ee3"
      }
    },
    {
      "identity" : "navigation-flow",
      "kind" : "remoteSourceControl",
      "location" : "https://gogs.miejoy.com:4443/Swift/navigation-flow.git",
      "state" : {
        "branch" : "master",
        "revision" : "c58ecf428e38c9b09f6200b5f803dc865dda946e"
      }
    },
    {
      "identity" : "present-flow",
      "kind" : "remoteSourceControl",
      "location" : "https://github.com/miejoy/present-flow.git",
      "state" : {
        "branch" : "main",
        "revision" : "7bdc9e60d75dbd2889613d523b8a0c1542ea6191"
      }
    },
    {
      "identity" : "view-flow",
      "kind" : "remoteSourceControl",
      "location" : "https://github.com/miejoy/view-flow.git",
      "state" : {
        "branch" : "main",
        "revision" : "d55612b4f10eaa3db55df6cfbd6699d471c7155e"
      }
    }
  ],
  "version" : 2
}
