// !$*UTF8*$!
{
	archiveVersion = 1;
	classes = {
	};
	objectVersion = 56;
	objects = {

/* Begin PBXBuildFile section */
		343EBB252898192600982CD7 /* DemoAppApp.swift in Sources */ = {isa = PBXBuildFile; fileRef = 343EBB242898192600982CD7 /* DemoAppApp.swift */; };
		343EBB272898192600982CD7 /* ContentView.swift in Sources */ = {isa = PBXBuildFile; fileRef = 343EBB262898192600982CD7 /* ContentView.swift */; };
		343EBB292898192900982CD7 /* Assets.xcassets in Resources */ = {isa = PBXBuildFile; fileRef = 343EBB282898192900982CD7 /* Assets.xcassets */; };
		343EBB2D2898192900982CD7 /* Preview Assets.xcassets in Resources */ = {isa = PBXBuildFile; fileRef = 343EBB2C2898192900982CD7 /* Preview Assets.xcassets */; };
		343EBB372898192900982CD7 /* DemoAppTests.swift in Sources */ = {isa = PBXBuildFile; fileRef = 343EBB362898192900982CD7 /* DemoAppTests.swift */; };
		343EBB412898192900982CD7 /* DemoAppUITests.swift in Sources */ = {isa = PBXBuildFile; fileRef = 343EBB402898192900982CD7 /* DemoAppUITests.swift */; };
		343EBB432898192900982CD7 /* DemoAppUITestsLaunchTests.swift in Sources */ = {isa = PBXBuildFile; fileRef = 343EBB422898192900982CD7 /* DemoAppUITestsLaunchTests.swift */; };
		343EBB55289AA7DF00982CD7 /* TestPresentState.swift in Sources */ = {isa = PBXBuildFile; fileRef = 343EBB54289AA7DF00982CD7 /* TestPresentState.swift */; };
		343EBB57289AAE5B00982CD7 /* FullScreenView.swift in Sources */ = {isa = PBXBuildFile; fileRef = 343EBB56289AAE5B00982CD7 /* FullScreenView.swift */; };
		344FDE952A751EF400F4C53A /* PushSecondView.swift in Sources */ = {isa = PBXBuildFile; fileRef = 344FDE942A751EF400F4C53A /* PushSecondView.swift */; };
		344FDE982A75265D00F4C53A /* PushThirdView.swift in Sources */ = {isa = PBXBuildFile; fileRef = 344FDE962A75265D00F4C53A /* PushThirdView.swift */; };
		344FDE992A75265D00F4C53A /* PushFourthView.swift in Sources */ = {isa = PBXBuildFile; fileRef = 344FDE972A75265D00F4C53A /* PushFourthView.swift */; };
		344FDE9C2A7526FD00F4C53A /* PushFirstOtherView.swift in Sources */ = {isa = PBXBuildFile; fileRef = 344FDE9A2A7526FD00F4C53A /* PushFirstOtherView.swift */; };
		344FDE9D2A7526FD00F4C53A /* PushSecondOtherView.swift in Sources */ = {isa = PBXBuildFile; fileRef = 344FDE9B2A7526FD00F4C53A /* PushSecondOtherView.swift */; };
		34956CA02A45514E002CCE5D /* FlowGrid.swift in Sources */ = {isa = PBXBuildFile; fileRef = 34956C9F2A45514E002CCE5D /* FlowGrid.swift */; };
		349726AB2C273558000750A2 /* AppPackages in Frameworks */ = {isa = PBXBuildFile; productRef = 349726AA2C273558000750A2 /* AppPackages */; };
		34D133F829F5908E00198DEF /* ViewCenter.swift in Sources */ = {isa = PBXBuildFile; fileRef = 34D133F729F5908E00198DEF /* ViewCenter.swift */; };
		34D133FA29F5917E00198DEF /* PresentUIViewController.swift in Sources */ = {isa = PBXBuildFile; fileRef = 34D133F929F5917E00198DEF /* PresentUIViewController.swift */; };
		34D4D9ED29BE186200023F0B /* SecondAlertView.swift in Sources */ = {isa = PBXBuildFile; fileRef = 34D4D9EC29BE186200023F0B /* SecondAlertView.swift */; };
		34EC0A4C2A74002A0093EA41 /* NavigationRootView.swift in Sources */ = {isa = PBXBuildFile; fileRef = 34EC0A4B2A74002A0093EA41 /* NavigationRootView.swift */; };
		34EC0A4E2A7403700093EA41 /* PushFirstView.swift in Sources */ = {isa = PBXBuildFile; fileRef = 34EC0A4D2A7403700093EA41 /* PushFirstView.swift */; };
		34EC21F92958519D00E11186 /* AlertRootView.swift in Sources */ = {isa = PBXBuildFile; fileRef = 34EC21F82958519D00E11186 /* AlertRootView.swift */; };
		34F6FAC528DB69960094F736 /* MainView.swift in Sources */ = {isa = PBXBuildFile; fileRef = 34F6FAC428DB69960094F736 /* MainView.swift */; };
		34F6FAC828DB6AFD0094F736 /* PresentRootView.swift in Sources */ = {isa = PBXBuildFile; fileRef = 34F6FAC728DB6AFD0094F736 /* PresentRootView.swift */; };
		34F6FACA28DC98FB0094F736 /* PresentFirstView.swift in Sources */ = {isa = PBXBuildFile; fileRef = 34F6FAC928DC98FB0094F736 /* PresentFirstView.swift */; };
		34F6FACC28DC990D0094F736 /* PresentSecondView.swift in Sources */ = {isa = PBXBuildFile; fileRef = 34F6FACB28DC990D0094F736 /* PresentSecondView.swift */; };
		34F6FACE28DC99530094F736 /* PresentFourthView.swift in Sources */ = {isa = PBXBuildFile; fileRef = 34F6FACD28DC99530094F736 /* PresentFourthView.swift */; };
		34F6FACF28DC9D1F0094F736 /* TestPresentedView.swift in Sources */ = {isa = PBXBuildFile; fileRef = 343EBB58289AAE6A00982CD7 /* TestPresentedView.swift */; };
		34F6FAD128DC9DED0094F736 /* Constants.swift in Sources */ = {isa = PBXBuildFile; fileRef = 34F6FAD028DC9DED0094F736 /* Constants.swift */; };
		34F6FAD528DCAA890094F736 /* PresentThirdView.swift in Sources */ = {isa = PBXBuildFile; fileRef = 34F6FAD428DCAA890094F736 /* PresentThirdView.swift */; };
		34F6FAD928E059DD0094F736 /* PresentFirstOtherView.swift in Sources */ = {isa = PBXBuildFile; fileRef = 34F6FAD828E059DC0094F736 /* PresentFirstOtherView.swift */; };
		34F6FADB28E0ACCD0094F736 /* PresentSecondOtherView.swift in Sources */ = {isa = PBXBuildFile; fileRef = 34F6FADA28E0ACCD0094F736 /* PresentSecondOtherView.swift */; };
		34F6FADD28E1D5FD0094F736 /* MonitorObserver.swift in Sources */ = {isa = PBXBuildFile; fileRef = 34F6FADC28E1D5FC0094F736 /* MonitorObserver.swift */; };
/* End PBXBuildFile section */

/* Begin PBXContainerItemProxy section */
		343EBB332898192900982CD7 /* PBXContainerItemProxy */ = {
			isa = PBXContainerItemProxy;
			containerPortal = 343EBB192898192600982CD7 /* Project object */;
			proxyType = 1;
			remoteGlobalIDString = 343EBB202898192600982CD7;
			remoteInfo = DemoApp;
		};
		343EBB3D2898192900982CD7 /* PBXContainerItemProxy */ = {
			isa = PBXContainerItemProxy;
			containerPortal = 343EBB192898192600982CD7 /* Project object */;
			proxyType = 1;
			remoteGlobalIDString = 343EBB202898192600982CD7;
			remoteInfo = DemoApp;
		};
/* End PBXContainerItemProxy section */

/* Begin PBXFileReference section */
		343EBB212898192600982CD7 /* DemoApp.app */ = {isa = PBXFileReference; explicitFileType = wrapper.application; includeInIndex = 0; path = DemoApp.app; sourceTree = BUILT_PRODUCTS_DIR; };
		343EBB242898192600982CD7 /* DemoAppApp.swift */ = {isa = PBXFileReference; lastKnownFileType = sourcecode.swift; path = DemoAppApp.swift; sourceTree = "<group>"; };
		343EBB262898192600982CD7 /* ContentView.swift */ = {isa = PBXFileReference; lastKnownFileType = sourcecode.swift; path = ContentView.swift; sourceTree = "<group>"; };
		343EBB282898192900982CD7 /* Assets.xcassets */ = {isa = PBXFileReference; lastKnownFileType = folder.assetcatalog; path = Assets.xcassets; sourceTree = "<group>"; };
		343EBB2A2898192900982CD7 /* DemoApp.entitlements */ = {isa = PBXFileReference; lastKnownFileType = text.plist.entitlements; path = DemoApp.entitlements; sourceTree = "<group>"; };
		343EBB2C2898192900982CD7 /* Preview Assets.xcassets */ = {isa = PBXFileReference; lastKnownFileType = folder.assetcatalog; path = "Preview Assets.xcassets"; sourceTree = "<group>"; };
		343EBB322898192900982CD7 /* DemoAppTests.xctest */ = {isa = PBXFileReference; explicitFileType = wrapper.cfbundle; includeInIndex = 0; path = DemoAppTests.xctest; sourceTree = BUILT_PRODUCTS_DIR; };
		343EBB362898192900982CD7 /* DemoAppTests.swift */ = {isa = PBXFileReference; lastKnownFileType = sourcecode.swift; path = DemoAppTests.swift; sourceTree = "<group>"; };
		343EBB3C2898192900982CD7 /* DemoAppUITests.xctest */ = {isa = PBXFileReference; explicitFileType = wrapper.cfbundle; includeInIndex = 0; path = DemoAppUITests.xctest; sourceTree = BUILT_PRODUCTS_DIR; };
		343EBB402898192900982CD7 /* DemoAppUITests.swift */ = {isa = PBXFileReference; lastKnownFileType = sourcecode.swift; path = DemoAppUITests.swift; sourceTree = "<group>"; };
		343EBB422898192900982CD7 /* DemoAppUITestsLaunchTests.swift */ = {isa = PBXFileReference; lastKnownFileType = sourcecode.swift; path = DemoAppUITestsLaunchTests.swift; sourceTree = "<group>"; };
		343EBB54289AA7DF00982CD7 /* TestPresentState.swift */ = {isa = PBXFileReference; lastKnownFileType = sourcecode.swift; path = TestPresentState.swift; sourceTree = "<group>"; };
		343EBB56289AAE5B00982CD7 /* FullScreenView.swift */ = {isa = PBXFileReference; lastKnownFileType = sourcecode.swift; path = FullScreenView.swift; sourceTree = "<group>"; };
		343EBB58289AAE6A00982CD7 /* TestPresentedView.swift */ = {isa = PBXFileReference; lastKnownFileType = sourcecode.swift; path = TestPresentedView.swift; sourceTree = "<group>"; };
		344FDE942A751EF400F4C53A /* PushSecondView.swift */ = {isa = PBXFileReference; fileEncoding = 4; lastKnownFileType = sourcecode.swift; path = PushSecondView.swift; sourceTree = "<group>"; };
		344FDE962A75265D00F4C53A /* PushThirdView.swift */ = {isa = PBXFileReference; fileEncoding = 4; lastKnownFileType = sourcecode.swift; path = PushThirdView.swift; sourceTree = "<group>"; };
		344FDE972A75265D00F4C53A /* PushFourthView.swift */ = {isa = PBXFileReference; fileEncoding = 4; lastKnownFileType = sourcecode.swift; path = PushFourthView.swift; sourceTree = "<group>"; };
		344FDE9A2A7526FD00F4C53A /* PushFirstOtherView.swift */ = {isa = PBXFileReference; fileEncoding = 4; lastKnownFileType = sourcecode.swift; path = PushFirstOtherView.swift; sourceTree = "<group>"; };
		344FDE9B2A7526FD00F4C53A /* PushSecondOtherView.swift */ = {isa = PBXFileReference; fileEncoding = 4; lastKnownFileType = sourcecode.swift; path = PushSecondOtherView.swift; sourceTree = "<group>"; };
		34956C9F2A45514E002CCE5D /* FlowGrid.swift */ = {isa = PBXFileReference; lastKnownFileType = sourcecode.swift; path = FlowGrid.swift; sourceTree = "<group>"; };
		349726A82C2733E2000750A2 /* AppPackages */ = {isa = PBXFileReference; lastKnownFileType = wrapper; path = AppPackages; sourceTree = "<group>"; };
		34D133F729F5908E00198DEF /* ViewCenter.swift */ = {isa = PBXFileReference; lastKnownFileType = sourcecode.swift; path = ViewCenter.swift; sourceTree = "<group>"; };
		34D133F929F5917E00198DEF /* PresentUIViewController.swift */ = {isa = PBXFileReference; lastKnownFileType = sourcecode.swift; path = PresentUIViewController.swift; sourceTree = "<group>"; };
		34D4D9EC29BE186200023F0B /* SecondAlertView.swift */ = {isa = PBXFileReference; lastKnownFileType = sourcecode.swift; path = SecondAlertView.swift; sourceTree = "<group>"; };
		34EC0A4B2A74002A0093EA41 /* NavigationRootView.swift */ = {isa = PBXFileReference; lastKnownFileType = sourcecode.swift; path = NavigationRootView.swift; sourceTree = "<group>"; };
		34EC0A4D2A7403700093EA41 /* PushFirstView.swift */ = {isa = PBXFileReference; lastKnownFileType = sourcecode.swift; path = PushFirstView.swift; sourceTree = "<group>"; };
		34EC21F82958519D00E11186 /* AlertRootView.swift */ = {isa = PBXFileReference; lastKnownFileType = sourcecode.swift; path = AlertRootView.swift; sourceTree = "<group>"; };
		34F6FAC428DB69960094F736 /* MainView.swift */ = {isa = PBXFileReference; lastKnownFileType = sourcecode.swift; path = MainView.swift; sourceTree = "<group>"; };
		34F6FAC728DB6AFD0094F736 /* PresentRootView.swift */ = {isa = PBXFileReference; lastKnownFileType = sourcecode.swift; path = PresentRootView.swift; sourceTree = "<group>"; };
		34F6FAC928DC98FB0094F736 /* PresentFirstView.swift */ = {isa = PBXFileReference; lastKnownFileType = sourcecode.swift; path = PresentFirstView.swift; sourceTree = "<group>"; };
		34F6FACB28DC990D0094F736 /* PresentSecondView.swift */ = {isa = PBXFileReference; lastKnownFileType = sourcecode.swift; path = PresentSecondView.swift; sourceTree = "<group>"; };
		34F6FACD28DC99530094F736 /* PresentFourthView.swift */ = {isa = PBXFileReference; lastKnownFileType = sourcecode.swift; path = PresentFourthView.swift; sourceTree = "<group>"; };
		34F6FAD028DC9DED0094F736 /* Constants.swift */ = {isa = PBXFileReference; lastKnownFileType = sourcecode.swift; path = Constants.swift; sourceTree = "<group>"; };
		34F6FAD428DCAA890094F736 /* PresentThirdView.swift */ = {isa = PBXFileReference; lastKnownFileType = sourcecode.swift; path = PresentThirdView.swift; sourceTree = "<group>"; };
		34F6FAD828E059DC0094F736 /* PresentFirstOtherView.swift */ = {isa = PBXFileReference; fileEncoding = 4; lastKnownFileType = sourcecode.swift; path = PresentFirstOtherView.swift; sourceTree = "<group>"; };
		34F6FADA28E0ACCD0094F736 /* PresentSecondOtherView.swift */ = {isa = PBXFileReference; fileEncoding = 4; lastKnownFileType = sourcecode.swift; path = PresentSecondOtherView.swift; sourceTree = "<group>"; };
		34F6FADC28E1D5FC0094F736 /* MonitorObserver.swift */ = {isa = PBXFileReference; lastKnownFileType = sourcecode.swift; path = MonitorObserver.swift; sourceTree = "<group>"; };
/* End PBXFileReference section */

/* Begin PBXFrameworksBuildPhase section */
		343EBB1E2898192600982CD7 /* Frameworks */ = {
			isa = PBXFrameworksBuildPhase;
			buildActionMask = 2147483647;
			files = (
				349726AB2C273558000750A2 /* AppPackages in Frameworks */,
			);
			runOnlyForDeploymentPostprocessing = 0;
		};
		343EBB2F2898192900982CD7 /* Frameworks */ = {
			isa = PBXFrameworksBuildPhase;
			buildActionMask = 2147483647;
			files = (
			);
			runOnlyForDeploymentPostprocessing = 0;
		};
		343EBB392898192900982CD7 /* Frameworks */ = {
			isa = PBXFrameworksBuildPhase;
			buildActionMask = 2147483647;
			files = (
			);
			runOnlyForDeploymentPostprocessing = 0;
		};
/* End PBXFrameworksBuildPhase section */

/* Begin PBXGroup section */
		343EBB182898192600982CD7 = {
			isa = PBXGroup;
			children = (
				349726A82C2733E2000750A2 /* AppPackages */,
				343EBB232898192600982CD7 /* DemoApp */,
				343EBB352898192900982CD7 /* DemoAppTests */,
				343EBB3F2898192900982CD7 /* DemoAppUITests */,
				343EBB222898192600982CD7 /* Products */,
				349726A92C273558000750A2 /* Frameworks */,
			);
			sourceTree = "<group>";
		};
		343EBB222898192600982CD7 /* Products */ = {
			isa = PBXGroup;
			children = (
				343EBB212898192600982CD7 /* DemoApp.app */,
				343EBB322898192900982CD7 /* DemoAppTests.xctest */,
				343EBB3C2898192900982CD7 /* DemoAppUITests.xctest */,
			);
			name = Products;
			sourceTree = "<group>";
		};
		343EBB232898192600982CD7 /* DemoApp */ = {
			isa = PBXGroup;
			children = (
				34F6FAC328DB68EF0094F736 /* Views */,
				343EBB5A289AC04F00982CD7 /* Libs */,
				343EBB53289AA7CB00982CD7 /* States */,
				343EBB242898192600982CD7 /* DemoAppApp.swift */,
				343EBB262898192600982CD7 /* ContentView.swift */,
				343EBB56289AAE5B00982CD7 /* FullScreenView.swift */,
				343EBB282898192900982CD7 /* Assets.xcassets */,
				343EBB2A2898192900982CD7 /* DemoApp.entitlements */,
				343EBB2B2898192900982CD7 /* Preview Content */,
				343EBB58289AAE6A00982CD7 /* TestPresentedView.swift */,
				34F6FAD028DC9DED0094F736 /* Constants.swift */,
				34F6FADC28E1D5FC0094F736 /* MonitorObserver.swift */,
			);
			path = DemoApp;
			sourceTree = "<group>";
		};
		343EBB2B2898192900982CD7 /* Preview Content */ = {
			isa = PBXGroup;
			children = (
				343EBB2C2898192900982CD7 /* Preview Assets.xcassets */,
			);
			path = "Preview Content";
			sourceTree = "<group>";
		};
		343EBB352898192900982CD7 /* DemoAppTests */ = {
			isa = PBXGroup;
			children = (
				343EBB362898192900982CD7 /* DemoAppTests.swift */,
			);
			path = DemoAppTests;
			sourceTree = "<group>";
		};
		343EBB3F2898192900982CD7 /* DemoAppUITests */ = {
			isa = PBXGroup;
			children = (
				343EBB402898192900982CD7 /* DemoAppUITests.swift */,
				343EBB422898192900982CD7 /* DemoAppUITestsLaunchTests.swift */,
			);
			path = DemoAppUITests;
			sourceTree = "<group>";
		};
		343EBB53289AA7CB00982CD7 /* States */ = {
			isa = PBXGroup;
			children = (
				343EBB54289AA7DF00982CD7 /* TestPresentState.swift */,
			);
			path = States;
			sourceTree = "<group>";
		};
		343EBB5A289AC04F00982CD7 /* Libs */ = {
			isa = PBXGroup;
			children = (
				34956C9E2A455127002CCE5D /* FlowGrid */,
			);
			path = Libs;
			sourceTree = "<group>";
		};
		34956C9E2A455127002CCE5D /* FlowGrid */ = {
			isa = PBXGroup;
			children = (
				34956C9F2A45514E002CCE5D /* FlowGrid.swift */,
			);
			path = FlowGrid;
			sourceTree = "<group>";
		};
		349726A92C273558000750A2 /* Frameworks */ = {
			isa = PBXGroup;
			children = (
			);
			name = Frameworks;
			sourceTree = "<group>";
		};
		34EC0A4A2A7400080093EA41 /* Navigation */ = {
			isa = PBXGroup;
			children = (
				34EC0A4B2A74002A0093EA41 /* NavigationRootView.swift */,
				34EC0A4D2A7403700093EA41 /* PushFirstView.swift */,
				344FDE9A2A7526FD00F4C53A /* PushFirstOtherView.swift */,
				344FDE942A751EF400F4C53A /* PushSecondView.swift */,
				344FDE9B2A7526FD00F4C53A /* PushSecondOtherView.swift */,
				344FDE962A75265D00F4C53A /* PushThirdView.swift */,
				344FDE972A75265D00F4C53A /* PushFourthView.swift */,
			);
			path = Navigation;
			sourceTree = "<group>";
		};
		34EC21F72958517800E11186 /* Alert */ = {
			isa = PBXGroup;
			children = (
				34EC21F82958519D00E11186 /* AlertRootView.swift */,
				34D4D9EC29BE186200023F0B /* SecondAlertView.swift */,
			);
			path = Alert;
			sourceTree = "<group>";
		};
		34F6FAC328DB68EF0094F736 /* Views */ = {
			isa = PBXGroup;
			children = (
				34EC0A4A2A7400080093EA41 /* Navigation */,
				34EC21F72958517800E11186 /* Alert */,
				34F6FAC628DB69A50094F736 /* Present */,
				34F6FAC428DB69960094F736 /* MainView.swift */,
				34D133F729F5908E00198DEF /* ViewCenter.swift */,
			);
			path = Views;
			sourceTree = "<group>";
		};
		34F6FAC628DB69A50094F736 /* Present */ = {
			isa = PBXGroup;
			children = (
				34F6FAC728DB6AFD0094F736 /* PresentRootView.swift */,
				34F6FAC928DC98FB0094F736 /* PresentFirstView.swift */,
				34F6FAD828E059DC0094F736 /* PresentFirstOtherView.swift */,
				34F6FACB28DC990D0094F736 /* PresentSecondView.swift */,
				34F6FADA28E0ACCD0094F736 /* PresentSecondOtherView.swift */,
				34F6FAD428DCAA890094F736 /* PresentThirdView.swift */,
				34F6FACD28DC99530094F736 /* PresentFourthView.swift */,
				34D133F929F5917E00198DEF /* PresentUIViewController.swift */,
			);
			path = Present;
			sourceTree = "<group>";
		};
/* End PBXGroup section */

/* Begin PBXNativeTarget section */
		343EBB202898192600982CD7 /* DemoApp */ = {
			isa = PBXNativeTarget;
			buildConfigurationList = 343EBB462898192900982CD7 /* Build configuration list for PBXNativeTarget "DemoApp" */;
			buildPhases = (
				343EBB1D2898192600982CD7 /* Sources */,
				343EBB1E2898192600982CD7 /* Frameworks */,
				343EBB1F2898192600982CD7 /* Resources */,
			);
			buildRules = (
			);
			dependencies = (
			);
			name = DemoApp;
			packageProductDependencies = (
				349726AA2C273558000750A2 /* AppPackages */,
			);
			productName = DemoApp;
			productReference = 343EBB212898192600982CD7 /* DemoApp.app */;
			productType = "com.apple.product-type.application";
		};
		343EBB312898192900982CD7 /* DemoAppTests */ = {
			isa = PBXNativeTarget;
			buildConfigurationList = 343EBB492898192900982CD7 /* Build configuration list for PBXNativeTarget "DemoAppTests" */;
			buildPhases = (
				343EBB2E2898192900982CD7 /* Sources */,
				343EBB2F2898192900982CD7 /* Frameworks */,
				343EBB302898192900982CD7 /* Resources */,
			);
			buildRules = (
			);
			dependencies = (
				343EBB342898192900982CD7 /* PBXTargetDependency */,
			);
			name = DemoAppTests;
			productName = DemoAppTests;
			productReference = 343EBB322898192900982CD7 /* DemoAppTests.xctest */;
			productType = "com.apple.product-type.bundle.unit-test";
		};
		343EBB3B2898192900982CD7 /* DemoAppUITests */ = {
			isa = PBXNativeTarget;
			buildConfigurationList = 343EBB4C2898192900982CD7 /* Build configuration list for PBXNativeTarget "DemoAppUITests" */;
			buildPhases = (
				343EBB382898192900982CD7 /* Sources */,
				343EBB392898192900982CD7 /* Frameworks */,
				343EBB3A2898192900982CD7 /* Resources */,
			);
			buildRules = (
			);
			dependencies = (
				343EBB3E2898192900982CD7 /* PBXTargetDependency */,
			);
			name = DemoAppUITests;
			productName = DemoAppUITests;
			productReference = 343EBB3C2898192900982CD7 /* DemoAppUITests.xctest */;
			productType = "com.apple.product-type.bundle.ui-testing";
		};
/* End PBXNativeTarget section */

/* Begin PBXProject section */
		343EBB192898192600982CD7 /* Project object */ = {
			isa = PBXProject;
			attributes = {
				BuildIndependentTargetsInParallel = 1;
				LastSwiftUpdateCheck = 1400;
				LastUpgradeCheck = 1400;
				TargetAttributes = {
					343EBB202898192600982CD7 = {
						CreatedOnToolsVersion = 14.0;
					};
					343EBB312898192900982CD7 = {
						CreatedOnToolsVersion = 14.0;
						TestTargetID = 343EBB202898192600982CD7;
					};
					343EBB3B2898192900982CD7 = {
						CreatedOnToolsVersion = 14.0;
						TestTargetID = 343EBB202898192600982CD7;
					};
				};
			};
			buildConfigurationList = 343EBB1C2898192600982CD7 /* Build configuration list for PBXProject "DemoApp" */;
			compatibilityVersion = "Xcode 14.0";
			developmentRegion = en;
			hasScannedForEncodings = 0;
			knownRegions = (
				en,
				Base,
			);
			mainGroup = 343EBB182898192600982CD7;
			packageReferences = (
			);
			productRefGroup = 343EBB222898192600982CD7 /* Products */;
			projectDirPath = "";
			projectRoot = "";
			targets = (
				343EBB202898192600982CD7 /* DemoApp */,
				343EBB312898192900982CD7 /* DemoAppTests */,
				343EBB3B2898192900982CD7 /* DemoAppUITests */,
			);
		};
/* End PBXProject section */

/* Begin PBXResourcesBuildPhase section */
		343EBB1F2898192600982CD7 /* Resources */ = {
			isa = PBXResourcesBuildPhase;
			buildActionMask = 2147483647;
			files = (
				343EBB2D2898192900982CD7 /* Preview Assets.xcassets in Resources */,
				343EBB292898192900982CD7 /* Assets.xcassets in Resources */,
			);
			runOnlyForDeploymentPostprocessing = 0;
		};
		343EBB302898192900982CD7 /* Resources */ = {
			isa = PBXResourcesBuildPhase;
			buildActionMask = 2147483647;
			files = (
			);
			runOnlyForDeploymentPostprocessing = 0;
		};
		343EBB3A2898192900982CD7 /* Resources */ = {
			isa = PBXResourcesBuildPhase;
			buildActionMask = 2147483647;
			files = (
			);
			runOnlyForDeploymentPostprocessing = 0;
		};
/* End PBXResourcesBuildPhase section */

/* Begin PBXSourcesBuildPhase section */
		343EBB1D2898192600982CD7 /* Sources */ = {
			isa = PBXSourcesBuildPhase;
			buildActionMask = 2147483647;
			files = (
				34D4D9ED29BE186200023F0B /* SecondAlertView.swift in Sources */,
				34F6FADD28E1D5FD0094F736 /* MonitorObserver.swift in Sources */,
				34F6FAC528DB69960094F736 /* MainView.swift in Sources */,
				344FDE9C2A7526FD00F4C53A /* PushFirstOtherView.swift in Sources */,
				344FDE992A75265D00F4C53A /* PushFourthView.swift in Sources */,
				34D133FA29F5917E00198DEF /* PresentUIViewController.swift in Sources */,
				343EBB55289AA7DF00982CD7 /* TestPresentState.swift in Sources */,
				34F6FAD528DCAA890094F736 /* PresentThirdView.swift in Sources */,
				343EBB57289AAE5B00982CD7 /* FullScreenView.swift in Sources */,
				34956CA02A45514E002CCE5D /* FlowGrid.swift in Sources */,
				34EC0A4C2A74002A0093EA41 /* NavigationRootView.swift in Sources */,
				34F6FACE28DC99530094F736 /* PresentFourthView.swift in Sources */,
				34F6FAD128DC9DED0094F736 /* Constants.swift in Sources */,
				344FDE982A75265D00F4C53A /* PushThirdView.swift in Sources */,
				34EC21F92958519D00E11186 /* AlertRootView.swift in Sources */,
				34D133F829F5908E00198DEF /* ViewCenter.swift in Sources */,
				343EBB272898192600982CD7 /* ContentView.swift in Sources */,
				34F6FAD928E059DD0094F736 /* PresentFirstOtherView.swift in Sources */,
				344FDE952A751EF400F4C53A /* PushSecondView.swift in Sources */,
				34F6FADB28E0ACCD0094F736 /* PresentSecondOtherView.swift in Sources */,
				34F6FACC28DC990D0094F736 /* PresentSecondView.swift in Sources */,
				343EBB252898192600982CD7 /* DemoAppApp.swift in Sources */,
				34F6FACA28DC98FB0094F736 /* PresentFirstView.swift in Sources */,
				34F6FAC828DB6AFD0094F736 /* PresentRootView.swift in Sources */,
				34EC0A4E2A7403700093EA41 /* PushFirstView.swift in Sources */,
				344FDE9D2A7526FD00F4C53A /* PushSecondOtherView.swift in Sources */,
				34F6FACF28DC9D1F0094F736 /* TestPresentedView.swift in Sources */,
			);
			runOnlyForDeploymentPostprocessing = 0;
		};
		343EBB2E2898192900982CD7 /* Sources */ = {
			isa = PBXSourcesBuildPhase;
			buildActionMask = 2147483647;
			files = (
				343EBB372898192900982CD7 /* DemoAppTests.swift in Sources */,
			);
			runOnlyForDeploymentPostprocessing = 0;
		};
		343EBB382898192900982CD7 /* Sources */ = {
			isa = PBXSourcesBuildPhase;
			buildActionMask = 2147483647;
			files = (
				343EBB412898192900982CD7 /* DemoAppUITests.swift in Sources */,
				343EBB432898192900982CD7 /* DemoAppUITestsLaunchTests.swift in Sources */,
			);
			runOnlyForDeploymentPostprocessing = 0;
		};
/* End PBXSourcesBuildPhase section */

/* Begin PBXTargetDependency section */
		343EBB342898192900982CD7 /* PBXTargetDependency */ = {
			isa = PBXTargetDependency;
			target = 343EBB202898192600982CD7 /* DemoApp */;
			targetProxy = 343EBB332898192900982CD7 /* PBXContainerItemProxy */;
		};
		343EBB3E2898192900982CD7 /* PBXTargetDependency */ = {
			isa = PBXTargetDependency;
			target = 343EBB202898192600982CD7 /* DemoApp */;
			targetProxy = 343EBB3D2898192900982CD7 /* PBXContainerItemProxy */;
		};
/* End PBXTargetDependency section */

/* Begin XCBuildConfiguration section */
		343EBB442898192900982CD7 /* Debug */ = {
			isa = XCBuildConfiguration;
			buildSettings = {
				ALWAYS_SEARCH_USER_PATHS = NO;
				CLANG_ANALYZER_NONNULL = YES;
				CLANG_ANALYZER_NUMBER_OBJECT_CONVERSION = YES_AGGRESSIVE;
				CLANG_CXX_LANGUAGE_STANDARD = "gnu++17";
				CLANG_ENABLE_MODULES = YES;
				CLANG_ENABLE_OBJC_ARC = YES;
				CLANG_ENABLE_OBJC_WEAK = YES;
				CLANG_WARN_BLOCK_CAPTURE_AUTORELEASING = YES;
				CLANG_WARN_BOOL_CONVERSION = YES;
				CLANG_WARN_COMMA = YES;
				CLANG_WARN_CONSTANT_CONVERSION = YES;
				CLANG_WARN_DEPRECATED_OBJC_IMPLEMENTATIONS = YES;
				CLANG_WARN_DIRECT_OBJC_ISA_USAGE = YES_ERROR;
				CLANG_WARN_DOCUMENTATION_COMMENTS = YES;
				CLANG_WARN_EMPTY_BODY = YES;
				CLANG_WARN_ENUM_CONVERSION = YES;
				CLANG_WARN_INFINITE_RECURSION = YES;
				CLANG_WARN_INT_CONVERSION = YES;
				CLANG_WARN_NON_LITERAL_NULL_CONVERSION = YES;
				CLANG_WARN_OBJC_IMPLICIT_RETAIN_SELF = YES;
				CLANG_WARN_OBJC_LITERAL_CONVERSION = YES;
				CLANG_WARN_OBJC_ROOT_CLASS = YES_ERROR;
				CLANG_WARN_QUOTED_INCLUDE_IN_FRAMEWORK_HEADER = YES;
				CLANG_WARN_RANGE_LOOP_ANALYSIS = YES;
				CLANG_WARN_STRICT_PROTOTYPES = YES;
				CLANG_WARN_SUSPICIOUS_MOVE = YES;
				CLANG_WARN_UNGUARDED_AVAILABILITY = YES_AGGRESSIVE;
				CLANG_WARN_UNREACHABLE_CODE = YES;
				CLANG_WARN__DUPLICATE_METHOD_MATCH = YES;
				COPY_PHASE_STRIP = NO;
				DEBUG_INFORMATION_FORMAT = dwarf;
				ENABLE_STRICT_OBJC_MSGSEND = YES;
				ENABLE_TESTABILITY = YES;
				GCC_C_LANGUAGE_STANDARD = gnu11;
				GCC_DYNAMIC_NO_PIC = NO;
				GCC_NO_COMMON_BLOCKS = YES;
				GCC_OPTIMIZATION_LEVEL = 0;
				GCC_PREPROCESSOR_DEFINITIONS = (
					"DEBUG=1",
					"$(inherited)",
				);
				GCC_WARN_64_TO_32_BIT_CONVERSION = YES;
				GCC_WARN_ABOUT_RETURN_TYPE = YES_ERROR;
				GCC_WARN_UNDECLARED_SELECTOR = YES;
				GCC_WARN_UNINITIALIZED_AUTOS = YES_AGGRESSIVE;
				GCC_WARN_UNUSED_FUNCTION = YES;
				GCC_WARN_UNUSED_VARIABLE = YES;
				MTL_ENABLE_DEBUG_INFO = INCLUDE_SOURCE;
				MTL_FAST_MATH = YES;
				ONLY_ACTIVE_ARCH = YES;
				SWIFT_ACTIVE_COMPILATION_CONDITIONS = DEBUG;
				SWIFT_OPTIMIZATION_LEVEL = "-Onone";
			};
			name = Debug;
		};
		343EBB452898192900982CD7 /* Release */ = {
			isa = XCBuildConfiguration;
			buildSettings = {
				ALWAYS_SEARCH_USER_PATHS = NO;
				CLANG_ANALYZER_NONNULL = YES;
				CLANG_ANALYZER_NUMBER_OBJECT_CONVERSION = YES_AGGRESSIVE;
				CLANG_CXX_LANGUAGE_STANDARD = "gnu++17";
				CLANG_ENABLE_MODULES = YES;
				CLANG_ENABLE_OBJC_ARC = YES;
				CLANG_ENABLE_OBJC_WEAK = YES;
				CLANG_WARN_BLOCK_CAPTURE_AUTORELEASING = YES;
				CLANG_WARN_BOOL_CONVERSION = YES;
				CLANG_WARN_COMMA = YES;
				CLANG_WARN_CONSTANT_CONVERSION = YES;
				CLANG_WARN_DEPRECATED_OBJC_IMPLEMENTATIONS = YES;
				CLANG_WARN_DIRECT_OBJC_ISA_USAGE = YES_ERROR;
				CLANG_WARN_DOCUMENTATION_COMMENTS = YES;
				CLANG_WARN_EMPTY_BODY = YES;
				CLANG_WARN_ENUM_CONVERSION = YES;
				CLANG_WARN_INFINITE_RECURSION = YES;
				CLANG_WARN_INT_CONVERSION = YES;
				CLANG_WARN_NON_LITERAL_NULL_CONVERSION = YES;
				CLANG_WARN_OBJC_IMPLICIT_RETAIN_SELF = YES;
				CLANG_WARN_OBJC_LITERAL_CONVERSION = YES;
				CLANG_WARN_OBJC_ROOT_CLASS = YES_ERROR;
				CLANG_WARN_QUOTED_INCLUDE_IN_FRAMEWORK_HEADER = YES;
				CLANG_WARN_RANGE_LOOP_ANALYSIS = YES;
				CLANG_WARN_STRICT_PROTOTYPES = YES;
				CLANG_WARN_SUSPICIOUS_MOVE = YES;
				CLANG_WARN_UNGUARDED_AVAILABILITY = YES_AGGRESSIVE;
				CLANG_WARN_UNREACHABLE_CODE = YES;
				CLANG_WARN__DUPLICATE_METHOD_MATCH = YES;
				COPY_PHASE_STRIP = NO;
				DEBUG_INFORMATION_FORMAT = "dwarf-with-dsym";
				ENABLE_NS_ASSERTIONS = NO;
				ENABLE_STRICT_OBJC_MSGSEND = YES;
				GCC_C_LANGUAGE_STANDARD = gnu11;
				GCC_NO_COMMON_BLOCKS = YES;
				GCC_WARN_64_TO_32_BIT_CONVERSION = YES;
				GCC_WARN_ABOUT_RETURN_TYPE = YES_ERROR;
				GCC_WARN_UNDECLARED_SELECTOR = YES;
				GCC_WARN_UNINITIALIZED_AUTOS = YES_AGGRESSIVE;
				GCC_WARN_UNUSED_FUNCTION = YES;
				GCC_WARN_UNUSED_VARIABLE = YES;
				MTL_ENABLE_DEBUG_INFO = NO;
				MTL_FAST_MATH = YES;
				SWIFT_COMPILATION_MODE = wholemodule;
				SWIFT_OPTIMIZATION_LEVEL = "-O";
			};
			name = Release;
		};
		343EBB472898192900982CD7 /* Debug */ = {
			isa = XCBuildConfiguration;
			buildSettings = {
				ASSETCATALOG_COMPILER_APPICON_NAME = AppIcon;
				ASSETCATALOG_COMPILER_GLOBAL_ACCENT_COLOR_NAME = AccentColor;
				CODE_SIGN_ENTITLEMENTS = DemoApp/DemoApp.entitlements;
				CODE_SIGN_STYLE = Manual;
				CURRENT_PROJECT_VERSION = 1;
				DEVELOPMENT_ASSET_PATHS = "\"DemoApp/Preview Content\"";
				DEVELOPMENT_TEAM = "";
				"DEVELOPMENT_TEAM[sdk=iphoneos*]" = 2QLCT7DGXB;
				ENABLE_HARDENED_RUNTIME = YES;
				ENABLE_PREVIEWS = YES;
				GENERATE_INFOPLIST_FILE = YES;
				"INFOPLIST_KEY_UILaunchScreen_Generation[sdk=iphoneos*]" = YES;
				"INFOPLIST_KEY_UILaunchScreen_Generation[sdk=iphonesimulator*]" = YES;
				INFOPLIST_KEY_UISupportedInterfaceOrientations_iPad = "UIInterfaceOrientationPortrait UIInterfaceOrientationPortraitUpsideDown UIInterfaceOrientationLandscapeLeft UIInterfaceOrientationLandscapeRight";
				INFOPLIST_KEY_UISupportedInterfaceOrientations_iPhone = "UIInterfaceOrientationPortrait UIInterfaceOrientationLandscapeLeft UIInterfaceOrientationLandscapeRight";
				IPHONEOS_DEPLOYMENT_TARGET = 16.0;
				LD_RUNPATH_SEARCH_PATHS = "@executable_path/Frameworks";
				"LD_RUNPATH_SEARCH_PATHS[sdk=macosx*]" = "@executable_path/../Frameworks";
				MACOSX_DEPLOYMENT_TARGET = 12.3;
				MARKETING_VERSION = 1.0;
				PRODUCT_BUNDLE_IDENTIFIER = com.miejoy.DemoApp;
				PRODUCT_NAME = "$(TARGET_NAME)";
				PROVISIONING_PROFILE_SPECIFIER = "";
				"PROVISIONING_PROFILE_SPECIFIER[sdk=iphoneos*]" = AllApp_Dev;
				SDKROOT = auto;
				SUPPORTED_PLATFORMS = "iphoneos iphonesimulator macosx";
				SWIFT_EMIT_LOC_STRINGS = YES;
				SWIFT_VERSION = 5.0;
				TARGETED_DEVICE_FAMILY = "1,2";
			};
			name = Debug;
		};
		343EBB482898192900982CD7 /* Release */ = {
			isa = XCBuildConfiguration;
			buildSettings = {
				ASSETCATALOG_COMPILER_APPICON_NAME = AppIcon;
				ASSETCATALOG_COMPILER_GLOBAL_ACCENT_COLOR_NAME = AccentColor;
				CODE_SIGN_ENTITLEMENTS = DemoApp/DemoApp.entitlements;
				CODE_SIGN_STYLE = Manual;
				CURRENT_PROJECT_VERSION = 1;
				DEVELOPMENT_ASSET_PATHS = "\"DemoApp/Preview Content\"";
				DEVELOPMENT_TEAM = "";
				"DEVELOPMENT_TEAM[sdk=iphoneos*]" = 2QLCT7DGXB;
				ENABLE_HARDENED_RUNTIME = YES;
				ENABLE_PREVIEWS = YES;
				GENERATE_INFOPLIST_FILE = YES;
				"INFOPLIST_KEY_UILaunchScreen_Generation[sdk=iphoneos*]" = YES;
				"INFOPLIST_KEY_UILaunchScreen_Generation[sdk=iphonesimulator*]" = YES;
				INFOPLIST_KEY_UISupportedInterfaceOrientations_iPad = "UIInterfaceOrientationPortrait UIInterfaceOrientationPortraitUpsideDown UIInterfaceOrientationLandscapeLeft UIInterfaceOrientationLandscapeRight";
				INFOPLIST_KEY_UISupportedInterfaceOrientations_iPhone = "UIInterfaceOrientationPortrait UIInterfaceOrientationLandscapeLeft UIInterfaceOrientationLandscapeRight";
				IPHONEOS_DEPLOYMENT_TARGET = 16.0;
				LD_RUNPATH_SEARCH_PATHS = "@executable_path/Frameworks";
				"LD_RUNPATH_SEARCH_PATHS[sdk=macosx*]" = "@executable_path/../Frameworks";
				MACOSX_DEPLOYMENT_TARGET = 12.3;
				MARKETING_VERSION = 1.0;
				PRODUCT_BUNDLE_IDENTIFIER = com.miejoy.DemoApp;
				PRODUCT_NAME = "$(TARGET_NAME)";
				PROVISIONING_PROFILE_SPECIFIER = "";
				"PROVISIONING_PROFILE_SPECIFIER[sdk=iphoneos*]" = AllApp_Dev;
				SDKROOT = auto;
				SUPPORTED_PLATFORMS = "iphoneos iphonesimulator macosx";
				SWIFT_EMIT_LOC_STRINGS = YES;
				SWIFT_VERSION = 5.0;
				TARGETED_DEVICE_FAMILY = "1,2";
			};
			name = Release;
		};
		343EBB4A2898192900982CD7 /* Debug */ = {
			isa = XCBuildConfiguration;
			buildSettings = {
				ALWAYS_EMBED_SWIFT_STANDARD_LIBRARIES = YES;
				BUNDLE_LOADER = "$(TEST_HOST)";
				CODE_SIGN_STYLE = Automatic;
				CURRENT_PROJECT_VERSION = 1;
				DEVELOPMENT_TEAM = 2QLCT7DGXB;
				GENERATE_INFOPLIST_FILE = YES;
				IPHONEOS_DEPLOYMENT_TARGET = 16.0;
				MACOSX_DEPLOYMENT_TARGET = 12.5;
				MARKETING_VERSION = 1.0;
				PRODUCT_BUNDLE_IDENTIFIER = com.miejoy.DemoAppTests;
				PRODUCT_NAME = "$(TARGET_NAME)";
				SDKROOT = auto;
				SUPPORTED_PLATFORMS = "iphoneos iphonesimulator macosx";
				SWIFT_EMIT_LOC_STRINGS = NO;
				SWIFT_VERSION = 5.0;
				TARGETED_DEVICE_FAMILY = "1,2";
				TEST_HOST = "$(BUILT_PRODUCTS_DIR)/DemoApp.app/$(BUNDLE_EXECUTABLE_FOLDER_PATH)/DemoApp";
			};
			name = Debug;
		};
		343EBB4B2898192900982CD7 /* Release */ = {
			isa = XCBuildConfiguration;
			buildSettings = {
				ALWAYS_EMBED_SWIFT_STANDARD_LIBRARIES = YES;
				BUNDLE_LOADER = "$(TEST_HOST)";
				CODE_SIGN_STYLE = Automatic;
				CURRENT_PROJECT_VERSION = 1;
				DEVELOPMENT_TEAM = 2QLCT7DGXB;
				GENERATE_INFOPLIST_FILE = YES;
				IPHONEOS_DEPLOYMENT_TARGET = 16.0;
				MACOSX_DEPLOYMENT_TARGET = 12.5;
				MARKETING_VERSION = 1.0;
				PRODUCT_BUNDLE_IDENTIFIER = com.miejoy.DemoAppTests;
				PRODUCT_NAME = "$(TARGET_NAME)";
				SDKROOT = auto;
				SUPPORTED_PLATFORMS = "iphoneos iphonesimulator macosx";
				SWIFT_EMIT_LOC_STRINGS = NO;
				SWIFT_VERSION = 5.0;
				TARGETED_DEVICE_FAMILY = "1,2";
				TEST_HOST = "$(BUILT_PRODUCTS_DIR)/DemoApp.app/$(BUNDLE_EXECUTABLE_FOLDER_PATH)/DemoApp";
			};
			name = Release;
		};
		343EBB4D2898192900982CD7 /* Debug */ = {
			isa = XCBuildConfiguration;
			buildSettings = {
				ALWAYS_EMBED_SWIFT_STANDARD_LIBRARIES = YES;
				CODE_SIGN_STYLE = Automatic;
				CURRENT_PROJECT_VERSION = 1;
				DEVELOPMENT_TEAM = 2QLCT7DGXB;
				GENERATE_INFOPLIST_FILE = YES;
				IPHONEOS_DEPLOYMENT_TARGET = 16.0;
				MACOSX_DEPLOYMENT_TARGET = 12.5;
				MARKETING_VERSION = 1.0;
				PRODUCT_BUNDLE_IDENTIFIER = com.miejoy.DemoAppUITests;
				PRODUCT_NAME = "$(TARGET_NAME)";
				SDKROOT = auto;
				SUPPORTED_PLATFORMS = "iphoneos iphonesimulator macosx";
				SWIFT_EMIT_LOC_STRINGS = NO;
				SWIFT_VERSION = 5.0;
				TARGETED_DEVICE_FAMILY = "1,2";
				TEST_TARGET_NAME = DemoApp;
			};
			name = Debug;
		};
		343EBB4E2898192900982CD7 /* Release */ = {
			isa = XCBuildConfiguration;
			buildSettings = {
				ALWAYS_EMBED_SWIFT_STANDARD_LIBRARIES = YES;
				CODE_SIGN_STYLE = Automatic;
				CURRENT_PROJECT_VERSION = 1;
				DEVELOPMENT_TEAM = 2QLCT7DGXB;
				GENERATE_INFOPLIST_FILE = YES;
				IPHONEOS_DEPLOYMENT_TARGET = 16.0;
				MACOSX_DEPLOYMENT_TARGET = 12.5;
				MARKETING_VERSION = 1.0;
				PRODUCT_BUNDLE_IDENTIFIER = com.miejoy.DemoAppUITests;
				PRODUCT_NAME = "$(TARGET_NAME)";
				SDKROOT = auto;
				SUPPORTED_PLATFORMS = "iphoneos iphonesimulator macosx";
				SWIFT_EMIT_LOC_STRINGS = NO;
				SWIFT_VERSION = 5.0;
				TARGETED_DEVICE_FAMILY = "1,2";
				TEST_TARGET_NAME = DemoApp;
			};
			name = Release;
		};
/* End XCBuildConfiguration section */

/* Begin XCConfigurationList section */
		343EBB1C2898192600982CD7 /* Build configuration list for PBXProject "DemoApp" */ = {
			isa = XCConfigurationList;
			buildConfigurations = (
				343EBB442898192900982CD7 /* Debug */,
				343EBB452898192900982CD7 /* Release */,
			);
			defaultConfigurationIsVisible = 0;
			defaultConfigurationName = Release;
		};
		343EBB462898192900982CD7 /* Build configuration list for PBXNativeTarget "DemoApp" */ = {
			isa = XCConfigurationList;
			buildConfigurations = (
				343EBB472898192900982CD7 /* Debug */,
				343EBB482898192900982CD7 /* Release */,
			);
			defaultConfigurationIsVisible = 0;
			defaultConfigurationName = Release;
		};
		343EBB492898192900982CD7 /* Build configuration list for PBXNativeTarget "DemoAppTests" */ = {
			isa = XCConfigurationList;
			buildConfigurations = (
				343EBB4A2898192900982CD7 /* Debug */,
				343EBB4B2898192900982CD7 /* Release */,
			);
			defaultConfigurationIsVisible = 0;
			defaultConfigurationName = Release;
		};
		343EBB4C2898192900982CD7 /* Build configuration list for PBXNativeTarget "DemoAppUITests" */ = {
			isa = XCConfigurationList;
			buildConfigurations = (
				343EBB4D2898192900982CD7 /* Debug */,
				343EBB4E2898192900982CD7 /* Release */,
			);
			defaultConfigurationIsVisible = 0;
			defaultConfigurationName = Release;
		};
/* End XCConfigurationList section */

/* Begin XCSwiftPackageProductDependency section */
		349726AA2C273558000750A2 /* AppPackages */ = {
			isa = XCSwiftPackageProductDependency;
			productName = AppPackages;
		};
/* End XCSwiftPackageProductDependency section */
	};
	rootObject = 343EBB192898192600982CD7 /* Project object */;
}
