{
  "pins" : [
    {
      "identity" : "alert-flow",
      "kind" : "remoteSourceControl",
      "location" : "https://github.com/miejoy/alert-flow.git",
      "state" : {
        "branch" : "main",
        "revision" : "f786ca171b6b994ae1734ba0df29dc5d2539885c"
      }
    },
    {
      "identity" : "data-flow",
      "kind" : "remoteSourceControl",
      "location" : "https://github.com/miejoy/data-flow.git",
      "state" : {
        "branch" : "main",
        "revision" : "f7ee5ce04d8f88aceb5caab316f4aa3725b1b3dc"
      }
    },
    {
      "identity" : "navigation-flow",
      "kind" : "remoteSourceControl",
      "location" : "https://github.com/miejoy/navigation-flow.git",
      "state" : {
        "branch" : "main",
        "revision" : "c63083c04b4f18cc1bd025dd3f650d20ecfe9d5a"
      }
    },
    {
      "identity" : "present-flow",
      "kind" : "remoteSourceControl",
      "location" : "https://github.com/miejoy/present-flow.git",
      "state" : {
        "branch" : "main",
        "revision" : "275c18002e19c43f9859e4aeff6d7f267ee9fab5"
      }
    },
    {
      "identity" : "view-flow",
      "kind" : "remoteSourceControl",
      "location" : "https://github.com/miejoy/view-flow.git",
      "state" : {
        "branch" : "main",
        "revision" : "ebb5656e353d33dd12adca2d3f77a2646cd57b61"
      }
    }
  ],
  "version" : 2
}
