{
  "originHash" : "04b95e2d0c3ce42ba0c50e7be5ef827ede72e30e53bb629cc2b7acd609375e4c",
  "pins" : [
    {
      "identity" : "ability",
      "kind" : "remoteSourceControl",
      "location" : "https://github.com/miejoy/ability.git",
      "state" : {
        "branch" : "main",
        "revision" : "b03808355af0360d0214af9bb7de5696f47a6426"
      }
    },
    {
      "identity" : "alert-flow",
      "kind" : "remoteSourceControl",
      "location" : "https://github.com/miejoy/alert-flow.git",
      "state" : {
        "branch" : "main",
        "revision" : "dfffadb4ff088ccc6a54ea49e34cab86a11e05fa"
      }
    },
    {
      "identity" : "auto-config",
      "kind" : "remoteSourceControl",
      "location" : "https://github.com/miejoy/auto-config.git",
      "state" : {
        "branch" : "main",
        "revision" : "e410582ddbf079e0143178b68e1f5ee7fbd02d4d"
      }
    },
    {
      "identity" : "data-flow",
      "kind" : "remoteSourceControl",
      "location" : "https://github.com/miejoy/data-flow.git",
      "state" : {
        "branch" : "main",
        "revision" : "ea9f7d31299bbe0c736ce78ad80b2aad43ea0072"
      }
    },
    {
      "identity" : "keychain-wrapper",
      "kind" : "remoteSourceControl",
      "location" : "https://github.com/miejoy/keychain-wrapper.git",
      "state" : {
        "branch" : "main",
        "revision" : "da4375355cc435d6a0083f32bd7bb662742395cc"
      }
    },
    {
      "identity" : "logger",
      "kind" : "remoteSourceControl",
      "location" : "https://github.com/miejoy/logger.git",
      "state" : {
        "branch" : "main",
        "revision" : "a9e78cb5a4f0d302e0901287337291ed9ccefaa2"
      }
    },
    {
      "identity" : "module-monitor",
      "kind" : "remoteSourceControl",
      "location" : "https://github.com/miejoy/module-monitor.git",
      "state" : {
        "branch" : "main",
        "revision" : "1160cf41ccf018ce154819622babe0dd60af12ee"
      }
    },
    {
      "identity" : "navigation-flow",
      "kind" : "remoteSourceControl",
      "location" : "https://github.com/miejoy/navigation-flow.git",
      "state" : {
        "branch" : "main",
        "revision" : "80300dba18fc3c88f636cf460afb41ad7d88708b"
      }
    },
    {
      "identity" : "network-ability",
      "kind" : "remoteSourceControl",
      "location" : "https://github.com/miejoy/network-ability.git",
      "state" : {
        "branch" : "main",
        "revision" : "e76c5abfcfae4c35e6597be65f16de1d7a9f16b7"
      }
    },
    {
      "identity" : "present-flow",
      "kind" : "remoteSourceControl",
      "location" : "https://github.com/miejoy/present-flow.git",
      "state" : {
        "branch" : "main",
        "revision" : "9e6e8b9b8347d9c6e3ca75d6b15f647f3388c68d"
      }
    },
    {
      "identity" : "push-manager",
      "kind" : "remoteSourceControl",
      "location" : "https://github.com/miejoy/push-manager.git",
      "state" : {
        "branch" : "main",
        "revision" : "42e4250dfa5e109fd6f03ab0e23070041b415344"
      }
    },
    {
      "identity" : "toast-flow",
      "kind" : "remoteSourceControl",
      "location" : "https://github.com/miejoy/toast-flow.git",
      "state" : {
        "branch" : "main",
        "revision" : "0744ccbf993e174f22c4da632e0f39a934de1550"
      }
    },
    {
      "identity" : "triggerable-action",
      "kind" : "remoteSourceControl",
      "location" : "https://github.com/miejoy/triggerable-action.git",
      "state" : {
        "branch" : "main",
        "revision" : "a43c639f0bc3b97ed5c1ac9f8e13efa937c550ff"
      }
    },
    {
      "identity" : "view-flow",
      "kind" : "remoteSourceControl",
      "location" : "https://github.com/miejoy/view-flow.git",
      "state" : {
        "branch" : "main",
        "revision" : "60cefc0131ed18b1c0eeb92141831c95ff8a1007"
      }
    },
    {
      "identity" : "window-flow",
      "kind" : "remoteSourceControl",
      "location" : "https://github.com/miejoy/window-flow.git",
      "state" : {
        "branch" : "main",
        "revision" : "7ef8da23ea73c5bb0cd0a088871b076c4ed99da5"
      }
    }
  ],
  "version" : 3
}
